
Microsoft Visual Studio Solution File, Format Version 12.00
# Visual Studio Version 17
VisualStudioVersion = 17.5.002.0
MinimumVisualStudioVersion = 10.0.40219.1
Project("{9A19103F-16F7-4668-BE54-9A1E7A4F7556}") = "friasco-api", "friasco-api\friasco-api.csproj", "{016EA710-3488-4AD8-9B37-59D4C5245936}"
EndProject
Project("{FAE04EC0-301F-11D3-BF4B-00C04F79EFBC}") = "friasco-api-test", "friasco-api-test\friasco-api-test.csproj", "{10F98A69-76E9-4482-A119-481E46FAF893}"
EndProject
Global
	GlobalSection(SolutionConfigurationPlatforms) = preSolution
		Debug|Any CPU = Debug|Any CPU
		Release|Any CPU = Release|Any CPU
	EndGlobalSection
	GlobalSection(ProjectConfigurationPlatforms) = postSolution
		{016EA710-3488-4AD8-9B37-59D4C5245936}.Debug|Any CPU.ActiveCfg = Debug|Any CPU
		{016EA710-3488-4AD8-9B37-59D4C5245936}.Debug|Any CPU.Build.0 = Debug|Any CPU
		{016EA710-3488-4AD8-9B37-59D4C5245936}.Release|Any CPU.ActiveCfg = Release|Any CPU
		{016EA710-3488-4AD8-9B37-59D4C5245936}.Release|Any CPU.Build.0 = Release|Any CPU
		{10F98A69-76E9-4482-A119-481E46FAF893}.Debug|Any CPU.ActiveCfg = Debug|Any CPU
		{10F98A69-76E9-4482-A119-481E46FAF893}.Debug|Any CPU.Build.0 = Debug|Any CPU
		{10F98A69-76E9-4482-A119-481E46FAF893}.Release|Any CPU.ActiveCfg = Release|Any CPU
		{10F98A69-76E9-4482-A119-481E46FAF893}.Release|Any CPU.Build.0 = Release|Any CPU
	EndGlobalSection
	GlobalSection(SolutionProperties) = preSolution
		HideSolutionNode = FALSE
	EndGlobalSection
	GlobalSection(ExtensibilityGlobals) = postSolution
		SolutionGuid = {354B9FBD-75BA-4298-B8F8-CDD2EC0470C0}
	EndGlobalSection
EndGlobal
